{
  "name": "crawler",
  "version": "1.0.0",
  "lockfileVersion": 3,
  "requires": true,
  "packages": {
    "": {
      "name": "crawler",
      "version": "1.0.0",
      "license": "ISC",
      "devDependencies": {
        "typescript": "^5.3.3"
      }
    },
    "node_modules/typescript": {
      "version": "5.3.3",
      "resolved": "http://artifactory:80/artifactory/api/npm/orion-virtual-npm/typescript/-/typescript-5.3.3.tgz",
      "integrity": "sha1-s85roljnLmMFumb1ybRSqu4//jc=",
      "dev": true,
      "license": "Apache-2.0",
      "bin": {
        "tsc": "bin/tsc",
        "tsserver": "bin/tsserver"
      },
      "engines": {
        "node": ">=14.17"
      }
    }
  }
}
